{
  "version": "2",
  "remote": {
    "https://deno.land/std@0.176.0/_util/asserts.ts": "178dfc49a464aee693a7e285567b3d0b555dc805ff490505a8aae34f9cfb1462",
    "https://deno.land/std@0.176.0/_util/os.ts": "d932f56d41e4f6a6093d56044e29ce637f8dcc43c5a90af43504a889cf1775e3",
    "https://deno.land/std@0.176.0/fs/_util.ts": "65381f341af1ff7f40198cee15c20f59951ac26e51ddc651c5293e24f9ce6f32",
    "https://deno.land/std@0.176.0/fs/copy.ts": "14214efd94fc3aa6db1e4af2b4b9578e50f7362b7f3725d5a14ad259a5df26c8",
    "https://deno.land/std@0.176.0/fs/ensure_dir.ts": "724209875497a6b4628dfb256116e5651c4f7816741368d6c44aab2531a1e603",
    "https://deno.land/std@0.176.0/path/_constants.ts": "e49961f6f4f48039c0dfed3c3f93e963ca3d92791c9d478ac5b43183413136e0",
    "https://deno.land/std@0.176.0/path/_interface.ts": "6471159dfbbc357e03882c2266d21ef9afdb1e4aa771b0545e90db58a0ba314b",
    "https://deno.land/std@0.176.0/path/_util.ts": "d7abb1e0dea065f427b89156e28cdeb32b045870acdf865833ba808a73b576d0",
    "https://deno.land/std@0.176.0/path/common.ts": "ee7505ab01fd22de3963b64e46cff31f40de34f9f8de1fff6a1bd2fe79380000",
    "https://deno.land/std@0.176.0/path/glob.ts": "d479e0a695621c94d3fd7fe7abd4f9499caf32a8de13f25073451c6ef420a4e1",
    "https://deno.land/std@0.176.0/path/mod.ts": "4b83694ac500d7d31b0cdafc927080a53dc0c3027eb2895790fb155082b0d232",
    "https://deno.land/std@0.176.0/path/posix.ts": "8b7c67ac338714b30c816079303d0285dd24af6b284f7ad63da5b27372a2c94d",
    "https://deno.land/std@0.176.0/path/separator.ts": "0fb679739d0d1d7bf45b68dacfb4ec7563597a902edbaf3c59b50d5bcadd93b1",
    "https://deno.land/std@0.176.0/path/win32.ts": "d186344e5583bcbf8b18af416d13d82b35a317116e6460a5a3953508c3de5bba",
    "https://deno.land/std@0.97.0/_util/assert.ts": "2f868145a042a11d5ad0a3c748dcf580add8a0dbc0e876eaa0026303a5488f58",
    "https://deno.land/std@0.97.0/_util/os.ts": "e282950a0eaa96760c0cf11e7463e66babd15ec9157d4c9ed49cc0925686f6a7",
    "https://deno.land/std@0.97.0/path/_constants.ts": "1247fee4a79b70c89f23499691ef169b41b6ccf01887a0abd131009c5581b853",
    "https://deno.land/std@0.97.0/path/_interface.ts": "1fa73b02aaa24867e481a48492b44f2598cd9dfa513c7b34001437007d3642e4",
    "https://deno.land/std@0.97.0/path/_util.ts": "2e06a3b9e79beaf62687196bd4b60a4c391d862cfa007a20fc3a39f778ba073b",
    "https://deno.land/std@0.97.0/path/common.ts": "eaf03d08b569e8a87e674e4e265e099f237472b6fd135b3cbeae5827035ea14a",
    "https://deno.land/std@0.97.0/path/glob.ts": "314ad9ff263b895795208cdd4d5e35a44618ca3c6dd155e226fb15d065008652",
    "https://deno.land/std@0.97.0/path/mod.ts": "4465dc494f271b02569edbb4a18d727063b5dbd6ed84283ff906260970a15d12",
    "https://deno.land/std@0.97.0/path/posix.ts": "f56c3c99feb47f30a40ce9d252ef6f00296fa7c0fcb6dd81211bdb3b8b99ca3b",
    "https://deno.land/std@0.97.0/path/separator.ts": "8fdcf289b1b76fd726a508f57d3370ca029ae6976fcde5044007f062e643ff1c",
    "https://deno.land/std@0.97.0/path/win32.ts": "77f7b3604e0de40f3a7c698e8a79e7f601dc187035a1c21cb1e596666ce112f8",
    "https://deno.land/x/events@v1.0.0/mod.ts": "3e2655ffa5e86a6ee01022f964b7fdc6152c007106c47b02958e766c6614dbaf",
    "https://deno.land/x/nunjucks@3.2.3/mod.js": "0a750cdcc235e21b76178db85c597743fa4229315851a41c1f3e4cacb827a15a",
    "https://deno.land/x/nunjucks@3.2.3/src/compiler.js": "88b3008d51cb71a96d76837cbc4022f297252050f2211f274ce607eb450468ff",
    "https://deno.land/x/nunjucks@3.2.3/src/deps.js": "b3964fd9849abcc659777e2afeff5e28625ea49ab88c750b369067d51b257145",
    "https://deno.land/x/nunjucks@3.2.3/src/environment.js": "2209bd9a41cf13a77fcc8487e93ce7087ab18ecc449cc89ed877df418fdd0e5c",
    "https://deno.land/x/nunjucks@3.2.3/src/express_app.js": "fb54e0882034f0d941966da826956d90c4b5fee686debea93d096febfd8e0674",
    "https://deno.land/x/nunjucks@3.2.3/src/filters.js": "6f5e25a4c5954d10b3826b94fb8639bece8c9cdecce703707efd2a539bca8d7d",
    "https://deno.land/x/nunjucks@3.2.3/src/globals.js": "d4ec83666b85f33f556ed7d0ca447924403f02fe0b359eb1e8ed24d7a3a0b61d",
    "https://deno.land/x/nunjucks@3.2.3/src/jinja_compat.js": "ad0e5807db98f08c833e62853234fd0e7f4b02c802dae4a9a8b7fdc215300678",
    "https://deno.land/x/nunjucks@3.2.3/src/lexer.js": "e3e96b16725642533730bb46e4219173bc4625ff385d15eabb9bc01ce1fe1c4e",
    "https://deno.land/x/nunjucks@3.2.3/src/lib.js": "a71617d1a6407a00ec796ea59f8e820d5950664d12ebd1edebf1ae73b8c11d8a",
    "https://deno.land/x/nunjucks@3.2.3/src/loader.js": "cd3aa871c0954919b4925c4c17ceb7dcae181a49386dbf71a464f22a002037d9",
    "https://deno.land/x/nunjucks@3.2.3/src/loaders.js": "f802869dbba64e2e5704e25308509420c24af93f6cac1a06e55063f74d4e4b2b",
    "https://deno.land/x/nunjucks@3.2.3/src/node_loaders.js": "1fd9fd3522d2e6eb389886038677261c50298fd15df7525420c4ec587dfd0add",
    "https://deno.land/x/nunjucks@3.2.3/src/nodes.js": "3ab12863cc0540dbd5745b5fc118aee68fc70971c5d1d3104c6517c02c30025c",
    "https://deno.land/x/nunjucks@3.2.3/src/object.js": "bc981128f958b306bf854654e0c1a26eb333714df9442bac5e8d59e7575696c0",
    "https://deno.land/x/nunjucks@3.2.3/src/parser.js": "88d658430f52509df17a7b0d38cd54b8a544f2985f5a6a60edd4ddb0f5215a0a",
    "https://deno.land/x/nunjucks@3.2.3/src/precompile.js": "301c4e9aaac044d514c80b316b04b39bc4e5bce55d9ffb8e3b6503038db71485",
    "https://deno.land/x/nunjucks@3.2.3/src/precompile_global.js": "44bf5a33fa77ac0a68d535ab24c15150d16e707b9010a8fb5abac05e6fc90ba5",
    "https://deno.land/x/nunjucks@3.2.3/src/precompiled_loader.js": "d951087a9ae3ae96fa24e050d491a9b5fbab3c4c6fae0777fa8309eace198bb3",
    "https://deno.land/x/nunjucks@3.2.3/src/runtime.js": "e36a0c402ac9a8c061aa44948a7b06bfe3cd4820a8dbd85bca7c92328c8f3059",
    "https://deno.land/x/nunjucks@3.2.3/src/tests.js": "5111303935d65fda7687fe0cde8e756aa5dff6fb3574613a81b118ab6b5d7b2c",
    "https://deno.land/x/nunjucks@3.2.3/src/transformer.js": "96afbce7c28b944216fab1d2039cf225e867034a0109b62612ee5d0a13c3ac2a",
    "https://deno.land/x/nunjucks@3.2.3/src/waterfall.js": "4d8878b3ebcf0a1b4bf9e7575e2f30bc6467cb8ee3717b80754c945cde661b9e"
  }
}
